PODS:
  - Realm (4.1.0):
    - Realm/Headers (= 4.1.0)
  - Realm/Headers (4.1.0)
  - RealmSwift (4.1.0):
    - Realm (= 4.1.0)
  - SwipeCellKit (2.7.1)

DEPENDENCIES:
  - RealmSwift
  - SwipeCellKit

SPEC REPOS:
  trunk:
    - Realm
    - RealmSwift
    - SwipeCellKit

SPEC CHECKSUMS:
  Realm: 5d1453468eca02c901c50b8a356f4a98a15b57aa
  RealmSwift: 1d238caa5c64a590c669beef1a7e858a6cf55a1c
  SwipeCellKit: 3972254a826da74609926daf59b08d6c72e619ea

PODFILE CHECKSUM: 1e06db3c8075f88a9f5c1cfe790884d9fd8c02a5

COCOAPODS: 1.8.4
